// !$*UTF8*$!
{
	archiveVersion = 1;
	classes = {
	};
	objectVersion = 55;
	objects = {

/* Begin PBXBuildFile section */
		ADAC4BF92837F2B50053B3CA /* AppDelegate.swift in Sources */ = {isa = PBXBuildFile; fileRef = ADAC4BF82837F2B50053B3CA /* AppDelegate.swift */; };
		ADAC4BFB2837F2B50053B3CA /* SceneDelegate.swift in Sources */ = {isa = PBXBuildFile; fileRef = ADAC4BFA2837F2B50053B3CA /* SceneDelegate.swift */; };
		ADAC4BFD2837F2B50053B3CA /* ViewController.swift in Sources */ = {isa = PBXBuildFile; fileRef = ADAC4BFC2837F2B50053B3CA /* ViewController.swift */; };
		ADAC4C002837F2B60053B3CA /* Main.storyboard in Resources */ = {isa = PBXBuildFile; fileRef = ADAC4BFE2837F2B60053B3CA /* Main.storyboard */; };
		ADAC4C022837F2C30053B3CA /* Assets.xcassets in Resources */ = {isa = PBXBuildFile; fileRef = ADAC4C012837F2C30053B3CA /* Assets.xcassets */; };
		ADAC4C052837F2C30053B3CA /* LaunchScreen.storyboard in Resources */ = {isa = PBXBuildFile; fileRef = ADAC4C032837F2C30053B3CA /* LaunchScreen.storyboard */; };
		ADAC4C102837F2C50053B3CA /* TestDrivenWeatherAppTests.swift in Sources */ = {isa = PBXBuildFile; fileRef = ADAC4C0F2837F2C50053B3CA /* TestDrivenWeatherAppTests.swift */; };
		ADAC4C1A2837F2C50053B3CA /* TestDrivenWeatherAppUITests.swift in Sources */ = {isa = PBXBuildFile; fileRef = ADAC4C192837F2C50053B3CA /* TestDrivenWeatherAppUITests.swift */; };
		ADAC4C1C2837F2C50053B3CA /* TestDrivenWeatherAppUITestsLaunchTests.swift in Sources */ = {isa = PBXBuildFile; fileRef = ADAC4C1B2837F2C50053B3CA /* TestDrivenWeatherAppUITestsLaunchTests.swift */; };
/* End PBXBuildFile section */

/* Begin PBXContainerItemProxy section */
		ADAC4C0C2837F2C50053B3CA /* PBXContainerItemProxy */ = {
			isa = PBXContainerItemProxy;
			containerPortal = ADAC4BED2837F2B50053B3CA /* Project object */;
			proxyType = 1;
			remoteGlobalIDString = ADAC4BF42837F2B50053B3CA;
			remoteInfo = TestDrivenWeatherApp;
		};
		ADAC4C162837F2C50053B3CA /* PBXContainerItemProxy */ = {
			isa = PBXContainerItemProxy;
			containerPortal = ADAC4BED2837F2B50053B3CA /* Project object */;
			proxyType = 1;
			remoteGlobalIDString = ADAC4BF42837F2B50053B3CA;
			remoteInfo = TestDrivenWeatherApp;
		};
/* End PBXContainerItemProxy section */

/* Begin PBXFileReference section */
		ADAC4BF52837F2B50053B3CA /* TestDrivenWeatherApp.app */ = {isa = PBXFileReference; explicitFileType = wrapper.application; includeInIndex = 0; path = TestDrivenWeatherApp.app; sourceTree = BUILT_PRODUCTS_DIR; };
		ADAC4BF82837F2B50053B3CA /* AppDelegate.swift */ = {isa = PBXFileReference; lastKnownFileType = sourcecode.swift; path = AppDelegate.swift; sourceTree = "<group>"; };
		ADAC4BFA2837F2B50053B3CA /* SceneDelegate.swift */ = {isa = PBXFileReference; lastKnownFileType = sourcecode.swift; path = SceneDelegate.swift; sourceTree = "<group>"; };
		ADAC4BFC2837F2B50053B3CA /* ViewController.swift */ = {isa = PBXFileReference; lastKnownFileType = sourcecode.swift; path = ViewController.swift; sourceTree = "<group>"; };
		ADAC4BFF2837F2B60053B3CA /* Base */ = {isa = PBXFileReference; lastKnownFileType = file.storyboard; name = Base; path = Base.lproj/Main.storyboard; sourceTree = "<group>"; };
		ADAC4C012837F2C30053B3CA /* Assets.xcassets */ = {isa = PBXFileReference; lastKnownFileType = folder.assetcatalog; path = Assets.xcassets; sourceTree = "<group>"; };
		ADAC4C042837F2C30053B3CA /* Base */ = {isa = PBXFileReference; lastKnownFileType = file.storyboard; name = Base; path = Base.lproj/LaunchScreen.storyboard; sourceTree = "<group>"; };
		ADAC4C062837F2C30053B3CA /* Info.plist */ = {isa = PBXFileReference; lastKnownFileType = text.plist.xml; path = Info.plist; sourceTree = "<group>"; };
		ADAC4C0B2837F2C50053B3CA /* TestDrivenWeatherAppTests.xctest */ = {isa = PBXFileReference; explicitFileType = wrapper.cfbundle; includeInIndex = 0; path = TestDrivenWeatherAppTests.xctest; sourceTree = BUILT_PRODUCTS_DIR; };
		ADAC4C0F2837F2C50053B3CA /* TestDrivenWeatherAppTests.swift */ = {isa = PBXFileReference; lastKnownFileType = sourcecode.swift; path = TestDrivenWeatherAppTests.swift; sourceTree = "<group>"; };
		ADAC4C152837F2C50053B3CA /* TestDrivenWeatherAppUITests.xctest */ = {isa = PBXFileReference; explicitFileType = wrapper.cfbundle; includeInIndex = 0; path = TestDrivenWeatherAppUITests.xctest; sourceTree = BUILT_PRODUCTS_DIR; };
		ADAC4C192837F2C50053B3CA /* TestDrivenWeatherAppUITests.swift */ = {isa = PBXFileReference; lastKnownFileType = sourcecode.swift; path = TestDrivenWeatherAppUITests.swift; sourceTree = "<group>"; };
		ADAC4C1B2837F2C50053B3CA /* TestDrivenWeatherAppUITestsLaunchTests.swift */ = {isa = PBXFileReference; lastKnownFileType = sourcecode.swift; path = TestDrivenWeatherAppUITestsLaunchTests.swift; sourceTree = "<group>"; };
/* End PBXFileReference section */

/* Begin PBXFrameworksBuildPhase section */
		ADAC4BF22837F2B50053B3CA /* Frameworks */ = {
			isa = PBXFrameworksBuildPhase;
			buildActionMask = 2147483647;
			files = (
			);
			runOnlyForDeploymentPostprocessing = 0;
		};
		ADAC4C082837F2C50053B3CA /* Frameworks */ = {
			isa = PBXFrameworksBuildPhase;
			buildActionMask = 2147483647;
			files = (
			);
			runOnlyForDeploymentPostprocessing = 0;
		};
		ADAC4C122837F2C50053B3CA /* Frameworks */ = {
			isa = PBXFrameworksBuildPhase;
			buildActionMask = 2147483647;
			files = (
			);
			runOnlyForDeploymentPostprocessing = 0;
		};
/* End PBXFrameworksBuildPhase section */

/* Begin PBXGroup section */
		ADAC4BEC2837F2B50053B3CA = {
			isa = PBXGroup;
			children = (
				ADAC4BF72837F2B50053B3CA /* TestDrivenWeatherApp */,
				ADAC4C0E2837F2C50053B3CA /* TestDrivenWeatherAppTests */,
				ADAC4C182837F2C50053B3CA /* TestDrivenWeatherAppUITests */,
				ADAC4BF62837F2B50053B3CA /* Products */,
			);
			sourceTree = "<group>";
		};
		ADAC4BF62837F2B50053B3CA /* Products */ = {
			isa = PBXGroup;
			children = (
				ADAC4BF52837F2B50053B3CA /* TestDrivenWeatherApp.app */,
				ADAC4C0B2837F2C50053B3CA /* TestDrivenWeatherAppTests.xctest */,
				ADAC4C152837F2C50053B3CA /* TestDrivenWeatherAppUITests.xctest */,
			);
			name = Products;
			sourceTree = "<group>";
		};
		ADAC4BF72837F2B50053B3CA /* TestDrivenWeatherApp */ = {
			isa = PBXGroup;
			children = (
				ADAC4BF82837F2B50053B3CA /* AppDelegate.swift */,
				ADAC4BFA2837F2B50053B3CA /* SceneDelegate.swift */,
				ADAC4BFC2837F2B50053B3CA /* ViewController.swift */,
				ADAC4BFE2837F2B60053B3CA /* Main.storyboard */,
				ADAC4C012837F2C30053B3CA /* Assets.xcassets */,
				ADAC4C032837F2C30053B3CA /* LaunchScreen.storyboard */,
				ADAC4C062837F2C30053B3CA /* Info.plist */,
			);
			path = TestDrivenWeatherApp;
			sourceTree = "<group>";
		};
		ADAC4C0E2837F2C50053B3CA /* TestDrivenWeatherAppTests */ = {
			isa = PBXGroup;
			children = (
				ADAC4C0F2837F2C50053B3CA /* TestDrivenWeatherAppTests.swift */,
			);
			path = TestDrivenWeatherAppTests;
			sourceTree = "<group>";
		};
		ADAC4C182837F2C50053B3CA /* TestDrivenWeatherAppUITests */ = {
			isa = PBXGroup;
			children = (
				ADAC4C192837F2C50053B3CA /* TestDrivenWeatherAppUITests.swift */,
				ADAC4C1B2837F2C50053B3CA /* TestDrivenWeatherAppUITestsLaunchTests.swift */,
			);
			path = TestDrivenWeatherAppUITests;
			sourceTree = "<group>";
		};
/* End PBXGroup section */

/* Begin PBXNativeTarget section */
		ADAC4BF42837F2B50053B3CA /* TestDrivenWeatherApp */ = {
			isa = PBXNativeTarget;
			buildConfigurationList = ADAC4C1F2837F2C50053B3CA /* Build configuration list for PBXNativeTarget "TestDrivenWeatherApp" */;
			buildPhases = (
				ADAC4BF12837F2B50053B3CA /* Sources */,
				ADAC4BF22837F2B50053B3CA /* Frameworks */,
				ADAC4BF32837F2B50053B3CA /* Resources */,
			);
			buildRules = (
			);
			dependencies = (
			);
			name = TestDrivenWeatherApp;
			productName = TestDrivenWeatherApp;
			productReference = ADAC4BF52837F2B50053B3CA /* TestDrivenWeatherApp.app */;
			productType = "com.apple.product-type.application";
		};
		ADAC4C0A2837F2C50053B3CA /* TestDrivenWeatherAppTests */ = {
			isa = PBXNativeTarget;
			buildConfigurationList = ADAC4C222837F2C50053B3CA /* Build configuration list for PBXNativeTarget "TestDrivenWeatherAppTests" */;
			buildPhases = (
				ADAC4C072837F2C50053B3CA /* Sources */,
				ADAC4C082837F2C50053B3CA /* Frameworks */,
				ADAC4C092837F2C50053B3CA /* Resources */,
			);
			buildRules = (
			);
			dependencies = (
				ADAC4C0D2837F2C50053B3CA /* PBXTargetDependency */,
			);
			name = TestDrivenWeatherAppTests;
			productName = TestDrivenWeatherAppTests;
			productReference = ADAC4C0B2837F2C50053B3CA /* TestDrivenWeatherAppTests.xctest */;
			productType = "com.apple.product-type.bundle.unit-test";
		};
		ADAC4C142837F2C50053B3CA /* TestDrivenWeatherAppUITests */ = {
			isa = PBXNativeTarget;
			buildConfigurationList = ADAC4C252837F2C50053B3CA /* Build configuration list for PBXNativeTarget "TestDrivenWeatherAppUITests" */;
			buildPhases = (
				ADAC4C112837F2C50053B3CA /* Sources */,
				ADAC4C122837F2C50053B3CA /* Frameworks */,
				ADAC4C132837F2C50053B3CA /* Resources */,
			);
			buildRules = (
			);
			dependencies = (
				ADAC4C172837F2C50053B3CA /* PBXTargetDependency */,
			);
			name = TestDrivenWeatherAppUITests;
			productName = TestDrivenWeatherAppUITests;
			productReference = ADAC4C152837F2C50053B3CA /* TestDrivenWeatherAppUITests.xctest */;
			productType = "com.apple.product-type.bundle.ui-testing";
		};
/* End PBXNativeTarget section */

/* Begin PBXProject section */
		ADAC4BED2837F2B50053B3CA /* Project object */ = {
			isa = PBXProject;
			attributes = {
				BuildIndependentTargetsInParallel = 1;
				LastSwiftUpdateCheck = 1330;
				LastUpgradeCheck = 1330;
				TargetAttributes = {
					ADAC4BF42837F2B50053B3CA = {
						CreatedOnToolsVersion = 13.3.1;
					};
					ADAC4C0A2837F2C50053B3CA = {
						CreatedOnToolsVersion = 13.3.1;
						TestTargetID = ADAC4BF42837F2B50053B3CA;
					};
					ADAC4C142837F2C50053B3CA = {
						CreatedOnToolsVersion = 13.3.1;
						TestTargetID = ADAC4BF42837F2B50053B3CA;
					};
				};
			};
			buildConfigurationList = ADAC4BF02837F2B50053B3CA /* Build configuration list for PBXProject "TestDrivenWeatherApp" */;
			compatibilityVersion = "Xcode 13.0";
			developmentRegion = en;
			hasScannedForEncodings = 0;
			knownRegions = (
				en,
				Base,
			);
			mainGroup = ADAC4BEC2837F2B50053B3CA;
			productRefGroup = ADAC4BF62837F2B50053B3CA /* Products */;
			projectDirPath = "";
			projectRoot = "";
			targets = (
				ADAC4BF42837F2B50053B3CA /* TestDrivenWeatherApp */,
				ADAC4C0A2837F2C50053B3CA /* TestDrivenWeatherAppTests */,
				ADAC4C142837F2C50053B3CA /* TestDrivenWeatherAppUITests */,
			);
		};
/* End PBXProject section */

/* Begin PBXResourcesBuildPhase section */
		ADAC4BF32837F2B50053B3CA /* Resources */ = {
			isa = PBXResourcesBuildPhase;
			buildActionMask = 2147483647;
			files = (
				ADAC4C052837F2C30053B3CA /* LaunchScreen.storyboard in Resources */,
				ADAC4C022837F2C30053B3CA /* Assets.xcassets in Resources */,
				ADAC4C002837F2B60053B3CA /* Main.storyboard in Resources */,
			);
			runOnlyForDeploymentPostprocessing = 0;
		};
		ADAC4C092837F2C50053B3CA /* Resources */ = {
			isa = PBXResourcesBuildPhase;
			buildActionMask = 2147483647;
			files = (
			);
			runOnlyForDeploymentPostprocessing = 0;
		};
		ADAC4C132837F2C50053B3CA /* Resources */ = {
			isa = PBXResourcesBuildPhase;
			buildActionMask = 2147483647;
			files = (
			);
			runOnlyForDeploymentPostprocessing = 0;
		};
/* End PBXResourcesBuildPhase section */

/* Begin PBXSourcesBuildPhase section */
		ADAC4BF12837F2B50053B3CA /* Sources */ = {
			isa = PBXSourcesBuildPhase;
			buildActionMask = 2147483647;
			files = (
				ADAC4BFD2837F2B50053B3CA /* ViewController.swift in Sources */,
				ADAC4BF92837F2B50053B3CA /* AppDelegate.swift in Sources */,
				ADAC4BFB2837F2B50053B3CA /* SceneDelegate.swift in Sources */,
			);
			runOnlyForDeploymentPostprocessing = 0;
		};
		ADAC4C072837F2C50053B3CA /* Sources */ = {
			isa = PBXSourcesBuildPhase;
			buildActionMask = 2147483647;
			files = (
				ADAC4C102837F2C50053B3CA /* TestDrivenWeatherAppTests.swift in Sources */,
			);
			runOnlyForDeploymentPostprocessing = 0;
		};
		ADAC4C112837F2C50053B3CA /* Sources */ = {
			isa = PBXSourcesBuildPhase;
			buildActionMask = 2147483647;
			files = (
				ADAC4C1A2837F2C50053B3CA /* TestDrivenWeatherAppUITests.swift in Sources */,
				ADAC4C1C2837F2C50053B3CA /* TestDrivenWeatherAppUITestsLaunchTests.swift in Sources */,
			);
			runOnlyForDeploymentPostprocessing = 0;
		};
/* End PBXSourcesBuildPhase section */

/* Begin PBXTargetDependency section */
		ADAC4C0D2837F2C50053B3CA /* PBXTargetDependency */ = {
			isa = PBXTargetDependency;
			target = ADAC4BF42837F2B50053B3CA /* TestDrivenWeatherApp */;
			targetProxy = ADAC4C0C2837F2C50053B3CA /* PBXContainerItemProxy */;
		};
		ADAC4C172837F2C50053B3CA /* PBXTargetDependency */ = {
			isa = PBXTargetDependency;
			target = ADAC4BF42837F2B50053B3CA /* TestDrivenWeatherApp */;
			targetProxy = ADAC4C162837F2C50053B3CA /* PBXContainerItemProxy */;
		};
/* End PBXTargetDependency section */

/* Begin PBXVariantGroup section */
		ADAC4BFE2837F2B60053B3CA /* Main.storyboard */ = {
			isa = PBXVariantGroup;
			children = (
				ADAC4BFF2837F2B60053B3CA /* Base */,
			);
			name = Main.storyboard;
			sourceTree = "<group>";
		};
		ADAC4C032837F2C30053B3CA /* LaunchScreen.storyboard */ = {
			isa = PBXVariantGroup;
			children = (
				ADAC4C042837F2C30053B3CA /* Base */,
			);
			name = LaunchScreen.storyboard;
			sourceTree = "<group>";
		};
/* End PBXVariantGroup section */

/* Begin XCBuildConfiguration section */
		ADAC4C1D2837F2C50053B3CA /* Debug */ = {
			isa = XCBuildConfiguration;
			buildSettings = {
				ALWAYS_SEARCH_USER_PATHS = NO;
				CLANG_ANALYZER_NONNULL = YES;
				CLANG_ANALYZER_NUMBER_OBJECT_CONVERSION = YES_AGGRESSIVE;
				CLANG_CXX_LANGUAGE_STANDARD = "gnu++17";
				CLANG_ENABLE_MODULES = YES;
				CLANG_ENABLE_OBJC_ARC = YES;
				CLANG_ENABLE_OBJC_WEAK = YES;
				CLANG_WARN_BLOCK_CAPTURE_AUTORELEASING = YES;
				CLANG_WARN_BOOL_CONVERSION = YES;
				CLANG_WARN_COMMA = YES;
				CLANG_WARN_CONSTANT_CONVERSION = YES;
				CLANG_WARN_DEPRECATED_OBJC_IMPLEMENTATIONS = YES;
				CLANG_WARN_DIRECT_OBJC_ISA_USAGE = YES_ERROR;
				CLANG_WARN_DOCUMENTATION_COMMENTS = YES;
				CLANG_WARN_EMPTY_BODY = YES;
				CLANG_WARN_ENUM_CONVERSION = YES;
				CLANG_WARN_INFINITE_RECURSION = YES;
				CLANG_WARN_INT_CONVERSION = YES;
				CLANG_WARN_NON_LITERAL_NULL_CONVERSION = YES;
				CLANG_WARN_OBJC_IMPLICIT_RETAIN_SELF = YES;
				CLANG_WARN_OBJC_LITERAL_CONVERSION = YES;
				CLANG_WARN_OBJC_ROOT_CLASS = YES_ERROR;
				CLANG_WARN_QUOTED_INCLUDE_IN_FRAMEWORK_HEADER = YES;
				CLANG_WARN_RANGE_LOOP_ANALYSIS = YES;
				CLANG_WARN_STRICT_PROTOTYPES = YES;
				CLANG_WARN_SUSPICIOUS_MOVE = YES;
				CLANG_WARN_UNGUARDED_AVAILABILITY = YES_AGGRESSIVE;
				CLANG_WARN_UNREACHABLE_CODE = YES;
				CLANG_WARN__DUPLICATE_METHOD_MATCH = YES;
				COPY_PHASE_STRIP = NO;
				DEBUG_INFORMATION_FORMAT = dwarf;
				ENABLE_STRICT_OBJC_MSGSEND = YES;
				ENABLE_TESTABILITY = YES;
				GCC_C_LANGUAGE_STANDARD = gnu11;
				GCC_DYNAMIC_NO_PIC = NO;
				GCC_NO_COMMON_BLOCKS = YES;
				GCC_OPTIMIZATION_LEVEL = 0;
				GCC_PREPROCESSOR_DEFINITIONS = (
					"DEBUG=1",
					"$(inherited)",
				);
				GCC_WARN_64_TO_32_BIT_CONVERSION = YES;
				GCC_WARN_ABOUT_RETURN_TYPE = YES_ERROR;
				GCC_WARN_UNDECLARED_SELECTOR = YES;
				GCC_WARN_UNINITIALIZED_AUTOS = YES_AGGRESSIVE;
				GCC_WARN_UNUSED_FUNCTION = YES;
				GCC_WARN_UNUSED_VARIABLE = YES;
				IPHONEOS_DEPLOYMENT_TARGET = 15.4;
				MTL_ENABLE_DEBUG_INFO = INCLUDE_SOURCE;
				MTL_FAST_MATH = YES;
				ONLY_ACTIVE_ARCH = YES;
				SDKROOT = iphoneos;
				SWIFT_ACTIVE_COMPILATION_CONDITIONS = DEBUG;
				SWIFT_OPTIMIZATION_LEVEL = "-Onone";
			};
			name = Debug;
		};
		ADAC4C1E2837F2C50053B3CA /* Release */ = {
			isa = XCBuildConfiguration;
			buildSettings = {
				ALWAYS_SEARCH_USER_PATHS = NO;
				CLANG_ANALYZER_NONNULL = YES;
				CLANG_ANALYZER_NUMBER_OBJECT_CONVERSION = YES_AGGRESSIVE;
				CLANG_CXX_LANGUAGE_STANDARD = "gnu++17";
				CLANG_ENABLE_MODULES = YES;
				CLANG_ENABLE_OBJC_ARC = YES;
				CLANG_ENABLE_OBJC_WEAK = YES;
				CLANG_WARN_BLOCK_CAPTURE_AUTORELEASING = YES;
				CLANG_WARN_BOOL_CONVERSION = YES;
				CLANG_WARN_COMMA = YES;
				CLANG_WARN_CONSTANT_CONVERSION = YES;
				CLANG_WARN_DEPRECATED_OBJC_IMPLEMENTATIONS = YES;
				CLANG_WARN_DIRECT_OBJC_ISA_USAGE = YES_ERROR;
				CLANG_WARN_DOCUMENTATION_COMMENTS = YES;
				CLANG_WARN_EMPTY_BODY = YES;
				CLANG_WARN_ENUM_CONVERSION = YES;
				CLANG_WARN_INFINITE_RECURSION = YES;
				CLANG_WARN_INT_CONVERSION = YES;
				CLANG_WARN_NON_LITERAL_NULL_CONVERSION = YES;
				CLANG_WARN_OBJC_IMPLICIT_RETAIN_SELF = YES;
				CLANG_WARN_OBJC_LITERAL_CONVERSION = YES;
				CLANG_WARN_OBJC_ROOT_CLASS = YES_ERROR;
				CLANG_WARN_QUOTED_INCLUDE_IN_FRAMEWORK_HEADER = YES;
				CLANG_WARN_RANGE_LOOP_ANALYSIS = YES;
				CLANG_WARN_STRICT_PROTOTYPES = YES;
				CLANG_WARN_SUSPICIOUS_MOVE = YES;
				CLANG_WARN_UNGUARDED_AVAILABILITY = YES_AGGRESSIVE;
				CLANG_WARN_UNREACHABLE_CODE = YES;
				CLANG_WARN__DUPLICATE_METHOD_MATCH = YES;
				COPY_PHASE_STRIP = NO;
				DEBUG_INFORMATION_FORMAT = "dwarf-with-dsym";
				ENABLE_NS_ASSERTIONS = NO;
				ENABLE_STRICT_OBJC_MSGSEND = YES;
				GCC_C_LANGUAGE_STANDARD = gnu11;
				GCC_NO_COMMON_BLOCKS = YES;
				GCC_WARN_64_TO_32_BIT_CONVERSION = YES;
				GCC_WARN_ABOUT_RETURN_TYPE = YES_ERROR;
				GCC_WARN_UNDECLARED_SELECTOR = YES;
				GCC_WARN_UNINITIALIZED_AUTOS = YES_AGGRESSIVE;
				GCC_WARN_UNUSED_FUNCTION = YES;
				GCC_WARN_UNUSED_VARIABLE = YES;
				IPHONEOS_DEPLOYMENT_TARGET = 15.4;
				MTL_ENABLE_DEBUG_INFO = NO;
				MTL_FAST_MATH = YES;
				SDKROOT = iphoneos;
				SWIFT_COMPILATION_MODE = wholemodule;
				SWIFT_OPTIMIZATION_LEVEL = "-O";
				VALIDATE_PRODUCT = YES;
			};
			name = Release;
		};
		ADAC4C202837F2C50053B3CA /* Debug */ = {
			isa = XCBuildConfiguration;
			buildSettings = {
				ASSETCATALOG_COMPILER_APPICON_NAME = AppIcon;
				ASSETCATALOG_COMPILER_GLOBAL_ACCENT_COLOR_NAME = AccentColor;
				CODE_SIGN_STYLE = Automatic;
				CURRENT_PROJECT_VERSION = 1;
				DEVELOPMENT_TEAM = Z4JMF9KZA4;
				GENERATE_INFOPLIST_FILE = YES;
				INFOPLIST_FILE = TestDrivenWeatherApp/Info.plist;
				INFOPLIST_KEY_UIApplicationSupportsIndirectInputEvents = YES;
				INFOPLIST_KEY_UILaunchStoryboardName = LaunchScreen;
				INFOPLIST_KEY_UIMainStoryboardFile = Main;
				INFOPLIST_KEY_UISupportedInterfaceOrientations_iPad = "UIInterfaceOrientationPortrait UIInterfaceOrientationPortraitUpsideDown UIInterfaceOrientationLandscapeLeft UIInterfaceOrientationLandscapeRight";
				INFOPLIST_KEY_UISupportedInterfaceOrientations_iPhone = "UIInterfaceOrientationPortrait UIInterfaceOrientationLandscapeLeft UIInterfaceOrientationLandscapeRight";
				LD_RUNPATH_SEARCH_PATHS = (
					"$(inherited)",
					"@executable_path/Frameworks",
				);
				MARKETING_VERSION = 1.0;
				PRODUCT_BUNDLE_IDENTIFIER = "Szymon-Tadrzak.TestDrivenWeatherApp";
				PRODUCT_NAME = "$(TARGET_NAME)";
				SWIFT_EMIT_LOC_STRINGS = YES;
				SWIFT_VERSION = 5.0;
				TARGETED_DEVICE_FAMILY = "1,2";
			};
			name = Debug;
		};
		ADAC4C212837F2C50053B3CA /* Release */ = {
			isa = XCBuildConfiguration;
			buildSettings = {
				ASSETCATALOG_COMPILER_APPICON_NAME = AppIcon;
				ASSETCATALOG_COMPILER_GLOBAL_ACCENT_COLOR_NAME = AccentColor;
				CODE_SIGN_STYLE = Automatic;
				CURRENT_PROJECT_VERSION = 1;
				DEVELOPMENT_TEAM = Z4JMF9KZA4;
				GENERATE_INFOPLIST_FILE = YES;
				INFOPLIST_FILE = TestDrivenWeatherApp/Info.plist;
				INFOPLIST_KEY_UIApplicationSupportsIndirectInputEvents = YES;
				INFOPLIST_KEY_UILaunchStoryboardName = LaunchScreen;
				INFOPLIST_KEY_UIMainStoryboardFile = Main;
				INFOPLIST_KEY_UISupportedInterfaceOrientations_iPad = "UIInterfaceOrientationPortrait UIInterfaceOrientationPortraitUpsideDown UIInterfaceOrientationLandscapeLeft UIInterfaceOrientationLandscapeRight";
				INFOPLIST_KEY_UISupportedInterfaceOrientations_iPhone = "UIInterfaceOrientationPortrait UIInterfaceOrientationLandscapeLeft UIInterfaceOrientationLandscapeRight";
				LD_RUNPATH_SEARCH_PATHS = (
					"$(inherited)",
					"@executable_path/Frameworks",
				);
				MARKETING_VERSION = 1.0;
				PRODUCT_BUNDLE_IDENTIFIER = "Szymon-Tadrzak.TestDrivenWeatherApp";
				PRODUCT_NAME = "$(TARGET_NAME)";
				SWIFT_EMIT_LOC_STRINGS = YES;
				SWIFT_VERSION = 5.0;
				TARGETED_DEVICE_FAMILY = "1,2";
			};
			name = Release;
		};
		ADAC4C232837F2C50053B3CA /* Debug */ = {
			isa = XCBuildConfiguration;
			buildSettings = {
				ALWAYS_EMBED_SWIFT_STANDARD_LIBRARIES = YES;
				BUNDLE_LOADER = "$(TEST_HOST)";
				CODE_SIGN_STYLE = Automatic;
				CURRENT_PROJECT_VERSION = 1;
				DEVELOPMENT_TEAM = Z4JMF9KZA4;
				GENERATE_INFOPLIST_FILE = YES;
				IPHONEOS_DEPLOYMENT_TARGET = 15.4;
				MARKETING_VERSION = 1.0;
				PRODUCT_BUNDLE_IDENTIFIER = "Szymon-Tadrzak.TestDrivenWeatherAppTests";
				PRODUCT_NAME = "$(TARGET_NAME)";
				SWIFT_EMIT_LOC_STRINGS = NO;
				SWIFT_VERSION = 5.0;
				TARGETED_DEVICE_FAMILY = "1,2";
				TEST_HOST = "$(BUILT_PRODUCTS_DIR)/TestDrivenWeatherApp.app/TestDrivenWeatherApp";
			};
			name = Debug;
		};
		ADAC4C242837F2C50053B3CA /* Release */ = {
			isa = XCBuildConfiguration;
			buildSettings = {
				ALWAYS_EMBED_SWIFT_STANDARD_LIBRARIES = YES;
				BUNDLE_LOADER = "$(TEST_HOST)";
				CODE_SIGN_STYLE = Automatic;
				CURRENT_PROJECT_VERSION = 1;
				DEVELOPMENT_TEAM = Z4JMF9KZA4;
				GENERATE_INFOPLIST_FILE = YES;
				IPHONEOS_DEPLOYMENT_TARGET = 15.4;
				MARKETING_VERSION = 1.0;
				PRODUCT_BUNDLE_IDENTIFIER = "Szymon-Tadrzak.TestDrivenWeatherAppTests";
				PRODUCT_NAME = "$(TARGET_NAME)";
				SWIFT_EMIT_LOC_STRINGS = NO;
				SWIFT_VERSION = 5.0;
				TARGETED_DEVICE_FAMILY = "1,2";
				TEST_HOST = "$(BUILT_PRODUCTS_DIR)/TestDrivenWeatherApp.app/TestDrivenWeatherApp";
			};
			name = Release;
		};
		ADAC4C262837F2C50053B3CA /* Debug */ = {
			isa = XCBuildConfiguration;
			buildSettings = {
				ALWAYS_EMBED_SWIFT_STANDARD_LIBRARIES = YES;
				CODE_SIGN_STYLE = Automatic;
				CURRENT_PROJECT_VERSION = 1;
				DEVELOPMENT_TEAM = Z4JMF9KZA4;
				GENERATE_INFOPLIST_FILE = YES;
				MARKETING_VERSION = 1.0;
				PRODUCT_BUNDLE_IDENTIFIER = "Szymon-Tadrzak.TestDrivenWeatherAppUITests";
				PRODUCT_NAME = "$(TARGET_NAME)";
				SWIFT_EMIT_LOC_STRINGS = NO;
				SWIFT_VERSION = 5.0;
				TARGETED_DEVICE_FAMILY = "1,2";
				TEST_TARGET_NAME = TestDrivenWeatherApp;
			};
			name = Debug;
		};
		ADAC4C272837F2C50053B3CA /* Release */ = {
			isa = XCBuildConfiguration;
			buildSettings = {
				ALWAYS_EMBED_SWIFT_STANDARD_LIBRARIES = YES;
				CODE_SIGN_STYLE = Automatic;
				CURRENT_PROJECT_VERSION = 1;
				DEVELOPMENT_TEAM = Z4JMF9KZA4;
				GENERATE_INFOPLIST_FILE = YES;
				MARKETING_VERSION = 1.0;
				PRODUCT_BUNDLE_IDENTIFIER = "Szymon-Tadrzak.TestDrivenWeatherAppUITests";
				PRODUCT_NAME = "$(TARGET_NAME)";
				SWIFT_EMIT_LOC_STRINGS = NO;
				SWIFT_VERSION = 5.0;
				TARGETED_DEVICE_FAMILY = "1,2";
				TEST_TARGET_NAME = TestDrivenWeatherApp;
			};
			name = Release;
		};
/* End XCBuildConfiguration section */

/* Begin XCConfigurationList section */
		ADAC4BF02837F2B50053B3CA /* Build configuration list for PBXProject "TestDrivenWeatherApp" */ = {
			isa = XCConfigurationList;
			buildConfigurations = (
				ADAC4C1D2837F2C50053B3CA /* Debug */,
				ADAC4C1E2837F2C50053B3CA /* Release */,
			);
			defaultConfigurationIsVisible = 0;
			defaultConfigurationName = Release;
		};
		ADAC4C1F2837F2C50053B3CA /* Build configuration list for PBXNativeTarget "TestDrivenWeatherApp" */ = {
			isa = XCConfigurationList;
			buildConfigurations = (
				ADAC4C202837F2C50053B3CA /* Debug */,
				ADAC4C212837F2C50053B3CA /* Release */,
			);
			defaultConfigurationIsVisible = 0;
			defaultConfigurationName = Release;
		};
		ADAC4C222837F2C50053B3CA /* Build configuration list for PBXNativeTarget "TestDrivenWeatherAppTests" */ = {
			isa = XCConfigurationList;
			buildConfigurations = (
				ADAC4C232837F2C50053B3CA /* Debug */,
				ADAC4C242837F2C50053B3CA /* Release */,
			);
			defaultConfigurationIsVisible = 0;
			defaultConfigurationName = Release;
		};
		ADAC4C252837F2C50053B3CA /* Build configuration list for PBXNativeTarget "TestDrivenWeatherAppUITests" */ = {
			isa = XCConfigurationList;
			buildConfigurations = (
				ADAC4C262837F2C50053B3CA /* Debug */,
				ADAC4C272837F2C50053B3CA /* Release */,
			);
			defaultConfigurationIsVisible = 0;
			defaultConfigurationName = Release;
		};
/* End XCConfigurationList section */
	};
	rootObject = ADAC4BED2837F2B50053B3CA /* Project object */;
}
